{
  "name": "wasm-benchmark",
  "version": "1.0.0",
  "lockfileVersion": 3,
  "requires": true,
  "packages": {
    "": {
      "name": "wasm-benchmark",
      "version": "1.0.0",
      "dependencies": {
        "@msgpack/msgpack": "^3.0.0",
        "typed-cstruct": "^0.11.0"
      },
      "engines": {
        "node": ">=18.0.0"
      }
    },
    "node_modules/@msgpack/msgpack": {
      "version": "3.1.2",
      "resolved": "https://registry.npmjs.org/@msgpack/msgpack/-/msgpack-3.1.2.tgz",
      "integrity": "sha512-JEW4DEtBzfe8HvUYecLU9e6+XJnKDlUAIve8FvPzF3Kzs6Xo/KuZkZJsDH0wJXl/qEZbeeE7edxDNY3kMs39hQ==",
      "license": "ISC",
      "engines": {
        "node": ">= 18"
      }
    },
    "node_modules/typed-cstruct": {
      "version": "0.11.0",
      "resolved": "https://registry.npmjs.org/typed-cstruct/-/typed-cstruct-0.11.0.tgz",
      "integrity": "sha512-uA/0LwbdAttaUzEzpMNvUaEw9YHoGOe6/yzq3LonnHjVL8pHQvb706T1GhJafB8fpUIeXI3akFheiDeO37z1qA==",
      "license": "MIT"
    }
  }
}
